
Microsoft Visual Studio Solution File, Format Version 12.00
# Visual Studio Version 17
VisualStudioVersion = 17.10.34928.147
MinimumVisualStudioVersion = 10.0.40219.1
Project("{FAE04EC0-301F-11D3-BF4B-00C04F79EFBC}") = "Proyecto Library POO", "Proyecto Library POO\Proyecto Library POO.csproj", "{48E7BADE-8E4B-4D60-8607-98DDA6B5A3D6}"
EndProject
Global
	GlobalSection(SolutionConfigurationPlatforms) = preSolution
		Debug|Any CPU = Debug|Any CPU
		Release|Any CPU = Release|Any CPU
	EndGlobalSection
	GlobalSection(ProjectConfigurationPlatforms) = postSolution
		{48E7BADE-8E4B-4D60-8607-98DDA6B5A3D6}.Debug|Any CPU.ActiveCfg = Debug|Any CPU
		{48E7BADE-8E4B-4D60-8607-98DDA6B5A3D6}.Debug|Any CPU.Build.0 = Debug|Any CPU
		{48E7BADE-8E4B-4D60-8607-98DDA6B5A3D6}.Release|Any CPU.ActiveCfg = Release|Any CPU
		{48E7BADE-8E4B-4D60-8607-98DDA6B5A3D6}.Release|Any CPU.Build.0 = Release|Any CPU
	EndGlobalSection
	GlobalSection(SolutionProperties) = preSolution
		HideSolutionNode = FALSE
	EndGlobalSection
	GlobalSection(ExtensibilityGlobals) = postSolution
		SolutionGuid = {19D1D733-5181-496F-938B-A6FF2FA21BC1}
	EndGlobalSection
EndGlobal
